version = 1
revision = 3
requires-python = ">=3.12"

[[package]]
name = "gmail-otp-daemon"
version = "0.1.0"
source = { virtual = "." }
dependencies = [
    { name = "imap-tools" },
]

[package.metadata]
requires-dist = [{ name = "imap-tools", specifier = ">=1.11.1" }]

[[package]]
name = "imap-tools"
version = "1.11.1"
source = { registry = "https://pypi.org/simple" }
sdist = { url = "https://files.pythonhosted.org/packages/9a/eb/de91770dc8f34691c33355f7b6277500db32f68ce039c08e2a40ad5a0536/imap_tools-1.11.1.tar.gz", hash = "sha256:e3aa02ff3415a2b50a47707eacbf7386bb79aabc34e370c6bb95f9ad20504389", size = 46562, upload-time = "2026-01-15T08:25:47.357Z" }
wheels = [
    { url = "https://files.pythonhosted.org/packages/64/bb/94eca066102559a20953475779a4d4d6b39712985014bceba726e1f65aab/imap_tools-1.11.1-py3-none-any.whl", hash = "sha256:0749d0a1f2b9041be1533ea98cc3e9f7977ba86ad3669c1fcf89c27969dcfb0a", size = 35291, upload-time = "2026-01-15T08:25:42.773Z" },
]
